
Microsoft Visual Studio Solution File, Format Version 12.00
# Visual Studio Version 17
VisualStudioVersion = 17.14.36203.30 d17.14
MinimumVisualStudioVersion = 10.0.40219.1
Project("{FAE04EC0-301F-11D3-BF4B-00C04F79EFBC}") = "LiveMarkdown.Avalonia", "src\LiveMarkdown.Avalonia\LiveMarkdown.Avalonia.csproj", "{3D92A920-890E-4495-8BD2-FD854E8A6D24}"
EndProject
Project("{2150E333-8FDC-42A3-9474-1A3956D46DE8}") = "Solution Items", "Solution Items", "{DE9EAAFE-CDC8-4B66-845C-5F4CF1DADE6C}"
	ProjectSection(SolutionItems) = preProject
		.gitignore = .gitignore
		CONTRIBUTING.md = CONTRIBUTING.md
		Directory.Build.props = Directory.Build.props
		Directory.Packages.props = Directory.Packages.props
		LICENSE = LICENSE
		README.md = README.md
		Settings.XamlStyler = Settings.XamlStyler
		global.json = global.json
	EndProjectSection
EndProject
Project("{2150E333-8FDC-42A3-9474-1A3956D46DE8}") = ".github", ".github", "{1260A1E5-0D9E-4AF1-9762-4A0091561993}"
	ProjectSection(SolutionItems) = preProject
		.github\workflows\nuget-publish.yml = .github\workflows\nuget-publish.yml
	EndProjectSection
EndProject
Project("{FAE04EC0-301F-11D3-BF4B-00C04F79EFBC}") = "LiveMarkdown.Avalonia.Demo", "src\LiveMarkdown.Avalonia.Demo\LiveMarkdown.Avalonia.Demo\LiveMarkdown.Avalonia.Demo.csproj", "{550A49CF-E82C-42CA-8586-96D38C3A3C81}"
EndProject
Project("{FAE04EC0-301F-11D3-BF4B-00C04F79EFBC}") = "LiveMarkdown.Avalonia.Demo.Android", "src\LiveMarkdown.Avalonia.Demo\LiveMarkdown.Avalonia.Demo.Android\LiveMarkdown.Avalonia.Demo.Android.csproj", "{06FF26CC-7E00-4A9D-A461-FDC24B537DCE}"
EndProject
Project("{FAE04EC0-301F-11D3-BF4B-00C04F79EFBC}") = "LiveMarkdown.Avalonia.Demo.Desktop", "src\LiveMarkdown.Avalonia.Demo\LiveMarkdown.Avalonia.Demo.Desktop\LiveMarkdown.Avalonia.Demo.Desktop.csproj", "{563ED670-F151-4576-BFBB-DE7B12339D46}"
EndProject
Project("{FAE04EC0-301F-11D3-BF4B-00C04F79EFBC}") = "LiveMarkdown.Avalonia.Demo.iOS", "src\LiveMarkdown.Avalonia.Demo\LiveMarkdown.Avalonia.Demo.iOS\LiveMarkdown.Avalonia.Demo.iOS.csproj", "{0E8F05EA-5FD9-4364-B620-2211CBE16444}"
EndProject
Project("{FAE04EC0-301F-11D3-BF4B-00C04F79EFBC}") = "LiveMarkdown.Avalonia.Demo.Browser", "src\LiveMarkdown.Avalonia.Demo\LiveMarkdown.Avalonia.Demo.Browser\LiveMarkdown.Avalonia.Demo.Browser.csproj", "{339C1452-35D4-466C-8214-6ED8FE1F9565}"
EndProject
Project("{FAE04EC0-301F-11D3-BF4B-00C04F79EFBC}") = "LiveMarkdown.Avalonia.Math", "src\LiveMarkdown.Avalonia.Math\LiveMarkdown.Avalonia.Math.csproj", "{85180282-E6C4-4B75-939A-1705CE99882A}"
EndProject
Project("{FAE04EC0-301F-11D3-BF4B-00C04F79EFBC}") = "LiveMarkdown.Avalonia.Svg", "src\LiveMarkdown.Avalonia.Svg\LiveMarkdown.Avalonia.Svg.csproj", "{94D0C8AB-DD7E-45A9-BCFE-F68FBDD2DF0F}"
EndProject
Project("{FAE04EC0-301F-11D3-BF4B-00C04F79EFBC}") = "LiveMarkdown.Avalonia.Svg.Skia", "src\LiveMarkdown.Avalonia.Svg.Skia\LiveMarkdown.Avalonia.Svg.Skia.csproj", "{E22A881A-0B83-4D3C-99C0-7181720CC14B}"
EndProject
Project("{FAE04EC0-301F-11D3-BF4B-00C04F79EFBC}") = "LiveMarkdown.Avalonia.Mermaid", "src\LiveMarkdown.Avalonia.Mermaid\LiveMarkdown.Avalonia.Mermaid.csproj", "{F3FD21AC-08A9-4FBA-A55C-528C90497E8B}"
EndProject
Project("{2150E333-8FDC-42A3-9474-1A3956D46DE8}") = "3rd", "3rd", "{7DA58198-8879-4C03-8607-C631E63DCF37}"
EndProject
Project("{FAE04EC0-301F-11D3-BF4B-00C04F79EFBC}") = "ShadUI", "3rd\shad-ui\src\ShadUI\ShadUI.csproj", "{5CD2BE29-503B-47F0-B2E3-EBD59D333D9D}"
EndProject
Project("{2150E333-8FDC-42A3-9474-1A3956D46DE8}") = "tests", "tests", "{0AB3BF05-4346-4AA6-1389-037BE0695223}"
EndProject
Project("{FAE04EC0-301F-11D3-BF4B-00C04F79EFBC}") = "LiveMarkdown.Avalonia.Tests", "tests\LiveMarkdown.Avalonia.Tests\LiveMarkdown.Avalonia.Tests.csproj", "{D406D9F1-9151-404C-8224-B41F49482E31}"
EndProject
Project("{FAE04EC0-301F-11D3-BF4B-00C04F79EFBC}") = "ClassicDiagnostics.Avalonia", "..\ClassicDiagnostics.Avalonia\src\ClassicDiagnostics.Avalonia.csproj", "{361D2903-C16B-42A8-9AD7-5774D5CC890A}"
EndProject
Global
	GlobalSection(SolutionConfigurationPlatforms) = preSolution
		Debug|Any CPU = Debug|Any CPU
		Release|Any CPU = Release|Any CPU
	EndGlobalSection
	GlobalSection(ProjectConfigurationPlatforms) = postSolution
		{3D92A920-890E-4495-8BD2-FD854E8A6D24}.Debug|Any CPU.ActiveCfg = Debug|Any CPU
		{3D92A920-890E-4495-8BD2-FD854E8A6D24}.Debug|Any CPU.Build.0 = Debug|Any CPU
		{3D92A920-890E-4495-8BD2-FD854E8A6D24}.Release|Any CPU.ActiveCfg = Release|Any CPU
		{3D92A920-890E-4495-8BD2-FD854E8A6D24}.Release|Any CPU.Build.0 = Release|Any CPU
		{550A49CF-E82C-42CA-8586-96D38C3A3C81}.Debug|Any CPU.ActiveCfg = Debug|Any CPU
		{550A49CF-E82C-42CA-8586-96D38C3A3C81}.Debug|Any CPU.Build.0 = Debug|Any CPU
		{550A49CF-E82C-42CA-8586-96D38C3A3C81}.Release|Any CPU.ActiveCfg = Release|Any CPU
		{550A49CF-E82C-42CA-8586-96D38C3A3C81}.Release|Any CPU.Build.0 = Release|Any CPU
		{06FF26CC-7E00-4A9D-A461-FDC24B537DCE}.Debug|Any CPU.ActiveCfg = Debug|Any CPU
		{06FF26CC-7E00-4A9D-A461-FDC24B537DCE}.Debug|Any CPU.Build.0 = Debug|Any CPU
		{06FF26CC-7E00-4A9D-A461-FDC24B537DCE}.Debug|Any CPU.Deploy.0 = Debug|Any CPU
		{06FF26CC-7E00-4A9D-A461-FDC24B537DCE}.Release|Any CPU.ActiveCfg = Release|Any CPU
		{06FF26CC-7E00-4A9D-A461-FDC24B537DCE}.Release|Any CPU.Build.0 = Release|Any CPU
		{06FF26CC-7E00-4A9D-A461-FDC24B537DCE}.Release|Any CPU.Deploy.0 = Release|Any CPU
		{563ED670-F151-4576-BFBB-DE7B12339D46}.Debug|Any CPU.ActiveCfg = Debug|Any CPU
		{563ED670-F151-4576-BFBB-DE7B12339D46}.Debug|Any CPU.Build.0 = Debug|Any CPU
		{563ED670-F151-4576-BFBB-DE7B12339D46}.Release|Any CPU.ActiveCfg = Release|Any CPU
		{563ED670-F151-4576-BFBB-DE7B12339D46}.Release|Any CPU.Build.0 = Release|Any CPU
		{0E8F05EA-5FD9-4364-B620-2211CBE16444}.Debug|Any CPU.ActiveCfg = Debug|Any CPU
		{0E8F05EA-5FD9-4364-B620-2211CBE16444}.Debug|Any CPU.Build.0 = Debug|Any CPU
		{0E8F05EA-5FD9-4364-B620-2211CBE16444}.Debug|Any CPU.Deploy.0 = Debug|Any CPU
		{0E8F05EA-5FD9-4364-B620-2211CBE16444}.Release|Any CPU.ActiveCfg = Release|Any CPU
		{0E8F05EA-5FD9-4364-B620-2211CBE16444}.Release|Any CPU.Build.0 = Release|Any CPU
		{0E8F05EA-5FD9-4364-B620-2211CBE16444}.Release|Any CPU.Deploy.0 = Release|Any CPU
		{339C1452-35D4-466C-8214-6ED8FE1F9565}.Debug|Any CPU.ActiveCfg = Debug|Any CPU
		{339C1452-35D4-466C-8214-6ED8FE1F9565}.Debug|Any CPU.Build.0 = Debug|Any CPU
		{339C1452-35D4-466C-8214-6ED8FE1F9565}.Release|Any CPU.ActiveCfg = Release|Any CPU
		{339C1452-35D4-466C-8214-6ED8FE1F9565}.Release|Any CPU.Build.0 = Release|Any CPU
		{85180282-E6C4-4B75-939A-1705CE99882A}.Debug|Any CPU.ActiveCfg = Debug|Any CPU
		{85180282-E6C4-4B75-939A-1705CE99882A}.Debug|Any CPU.Build.0 = Debug|Any CPU
		{85180282-E6C4-4B75-939A-1705CE99882A}.Release|Any CPU.ActiveCfg = Release|Any CPU
		{85180282-E6C4-4B75-939A-1705CE99882A}.Release|Any CPU.Build.0 = Release|Any CPU
		{94D0C8AB-DD7E-45A9-BCFE-F68FBDD2DF0F}.Debug|Any CPU.ActiveCfg = Debug|Any CPU
		{94D0C8AB-DD7E-45A9-BCFE-F68FBDD2DF0F}.Debug|Any CPU.Build.0 = Debug|Any CPU
		{94D0C8AB-DD7E-45A9-BCFE-F68FBDD2DF0F}.Release|Any CPU.ActiveCfg = Release|Any CPU
		{94D0C8AB-DD7E-45A9-BCFE-F68FBDD2DF0F}.Release|Any CPU.Build.0 = Release|Any CPU
		{E22A881A-0B83-4D3C-99C0-7181720CC14B}.Debug|Any CPU.ActiveCfg = Debug|Any CPU
		{E22A881A-0B83-4D3C-99C0-7181720CC14B}.Debug|Any CPU.Build.0 = Debug|Any CPU
		{E22A881A-0B83-4D3C-99C0-7181720CC14B}.Release|Any CPU.ActiveCfg = Release|Any CPU
		{E22A881A-0B83-4D3C-99C0-7181720CC14B}.Release|Any CPU.Build.0 = Release|Any CPU
		{F3FD21AC-08A9-4FBA-A55C-528C90497E8B}.Debug|Any CPU.ActiveCfg = Debug|Any CPU
		{F3FD21AC-08A9-4FBA-A55C-528C90497E8B}.Debug|Any CPU.Build.0 = Debug|Any CPU
		{F3FD21AC-08A9-4FBA-A55C-528C90497E8B}.Release|Any CPU.ActiveCfg = Release|Any CPU
		{F3FD21AC-08A9-4FBA-A55C-528C90497E8B}.Release|Any CPU.Build.0 = Release|Any CPU
		{5CD2BE29-503B-47F0-B2E3-EBD59D333D9D}.Debug|Any CPU.ActiveCfg = Debug|Any CPU
		{5CD2BE29-503B-47F0-B2E3-EBD59D333D9D}.Debug|Any CPU.Build.0 = Debug|Any CPU
		{5CD2BE29-503B-47F0-B2E3-EBD59D333D9D}.Release|Any CPU.ActiveCfg = Release|Any CPU
		{5CD2BE29-503B-47F0-B2E3-EBD59D333D9D}.Release|Any CPU.Build.0 = Release|Any CPU
		{D406D9F1-9151-404C-8224-B41F49482E31}.Debug|Any CPU.ActiveCfg = Debug|Any CPU
		{D406D9F1-9151-404C-8224-B41F49482E31}.Debug|Any CPU.Build.0 = Debug|Any CPU
		{D406D9F1-9151-404C-8224-B41F49482E31}.Release|Any CPU.ActiveCfg = Release|Any CPU
		{D406D9F1-9151-404C-8224-B41F49482E31}.Release|Any CPU.Build.0 = Release|Any CPU
		{361D2903-C16B-42A8-9AD7-5774D5CC890A}.Debug|Any CPU.ActiveCfg = Debug|Any CPU
		{361D2903-C16B-42A8-9AD7-5774D5CC890A}.Debug|Any CPU.Build.0 = Debug|Any CPU
		{361D2903-C16B-42A8-9AD7-5774D5CC890A}.Release|Any CPU.ActiveCfg = Release|Any CPU
		{361D2903-C16B-42A8-9AD7-5774D5CC890A}.Release|Any CPU.Build.0 = Release|Any CPU
	EndGlobalSection
	GlobalSection(SolutionProperties) = preSolution
		HideSolutionNode = FALSE
	EndGlobalSection
	GlobalSection(NestedProjects) = preSolution
		{5CD2BE29-503B-47F0-B2E3-EBD59D333D9D} = {7DA58198-8879-4C03-8607-C631E63DCF37}
		{D406D9F1-9151-404C-8224-B41F49482E31} = {0AB3BF05-4346-4AA6-1389-037BE0695223}
		{361D2903-C16B-42A8-9AD7-5774D5CC890A} = {7DA58198-8879-4C03-8607-C631E63DCF37}
	EndGlobalSection
EndGlobal
